{
  "name": "chainbase",
  "version": "1.0.0",
  "lockfileVersion": 1,
  "requires": true,
  "dependencies": {
    "@types/node": {
      "version": "12.19.8",
      "resolved": "https://registry.npmjs.org/@types/node/-/node-12.19.8.tgz",
      "integrity": "sha512-D4k2kNi0URNBxIRCb1khTnkWNHv8KSL1owPmS/K5e5t8B2GzMReY7AsJIY1BnP5KdlgC4rj9jk2IkDMasIE7xg==",
      "dev": true
    },
    "array-map-set": {
      "version": "1.0.3",
      "resolved": "https://registry.npmjs.org/array-map-set/-/array-map-set-1.0.3.tgz",
      "integrity": "sha512-Xt/Px8PD7FRxr3dHLeeW9PidDpQa/WV44ZU48iwH8jOlhvnqTJ4GwKNf6hEFeZkDqThsfAfNSMvuPziRkcpvLQ==",
      "dev": true
    }
  }
}
